
Microsoft Visual Studio Solution File, Format Version 12.00
# Visual Studio 2012
Project("{2150E333-8FDC-42A3-9474-1A3956D46DE8}") = "Samples", "Samples", "{6EF94610-0D25-4FE9-A8D1-862D1855C3D9}"
EndProject
Project("{2150E333-8FDC-42A3-9474-1A3956D46DE8}") = "Library", "Library", "{B9C2B82C-F879-42CE-9F56-CE42E48EAC9D}"
EndProject
Project("{2150E333-8FDC-42A3-9474-1A3956D46DE8}") = "Test", "Test", "{73C52C63-BDF4-4F31-A2F7-7DB71444CD66}"
EndProject
Project("{FAE04EC0-301F-11D3-BF4B-00C04F79EFBC}") = "Elmah.Everywhere", "Source\Library\Elmah.Everywhere\Elmah.Everywhere.csproj", "{319DD6E1-E5EB-4896-9055-BF486FC9C0EF}"
EndProject
Project("{FAE04EC0-301F-11D3-BF4B-00C04F79EFBC}") = "Elmah.Everywhere.Silverlight", "Source\Library\Elmah.Everywhere.Silverlight\Elmah.Everywhere.Silverlight.csproj", "{128D46AE-97A3-4A95-8ACA-B4C9BB473FAC}"
EndProject
Project("{FAE04EC0-301F-11D3-BF4B-00C04F79EFBC}") = "Console_Sample", "Source\Samples\Console_Sample\Console_Sample.csproj", "{09D10792-6BAA-4A44-9508-850035D0F83C}"
EndProject
Project("{FAE04EC0-301F-11D3-BF4B-00C04F79EFBC}") = "Wpf_Sample", "Source\Samples\Wpf_Sample\Wpf_Sample.csproj", "{436CD003-3447-42F1-AA10-66E16CE1FD15}"
	ProjectSection(ProjectDependencies) = postProject
		{2C85174F-6BF8-49AE-9553-48B566225DA0} = {2C85174F-6BF8-49AE-9553-48B566225DA0}
	EndProjectSection
EndProject
Project("{FAE04EC0-301F-11D3-BF4B-00C04F79EFBC}") = "Elmah.Everywhere.Test", "Source\Test\Elmah.Everywhere.Test\Elmah.Everywhere.Test.csproj", "{BBDDB842-F323-4C51-9A6D-6589D3C03F61}"
EndProject
Project("{FAE04EC0-301F-11D3-BF4B-00C04F79EFBC}") = "Wcf_HostWebSite", "Source\Samples\Wcf_HostWebSite\Wcf_HostWebSite.csproj", "{2C85174F-6BF8-49AE-9553-48B566225DA0}"
EndProject
Project("{FAE04EC0-301F-11D3-BF4B-00C04F79EFBC}") = "Elmah.Everywhere.WebSite", "Source\Elmah.Everywhere.WebSite\Elmah.Everywhere.WebSite.csproj", "{D04513C2-30FC-4F44-A367-CB65D6371642}"
EndProject
Project("{FAE04EC0-301F-11D3-BF4B-00C04F79EFBC}") = "Silverlight_HostWebSite", "Source\Samples\Silverlight_HostWebSite\Silverlight_HostWebSite.csproj", "{94BBB2DE-F21A-4124-ACE6-93D842B1F33C}"
EndProject
Project("{FAE04EC0-301F-11D3-BF4B-00C04F79EFBC}") = "Elmah.Everywhere.WP8", "Source\Library\Elmah.Everywhere.WP8\Elmah.Everywhere.WP8.csproj", "{EFC00D69-E439-4AFE-99C3-451C0C69FE00}"
EndProject
Project("{FAE04EC0-301F-11D3-BF4B-00C04F79EFBC}") = "WcfRia_HostWebSite", "Source\Samples\WcfRia_HostWebSite\WcfRia_HostWebSite.csproj", "{535FCBDD-43BF-4835-BCDD-676AE2600B10}"
EndProject
Project("{FAE04EC0-301F-11D3-BF4B-00C04F79EFBC}") = "WebSite_Sample", "Source\Samples\WebSite_Sample\WebSite_Sample.csproj", "{F391DAFB-5A9F-46C0-8409-1B67BD2359F6}"
EndProject
Project("{FAE04EC0-301F-11D3-BF4B-00C04F79EFBC}") = "Silverlight_Sample", "Source\Samples\Silverlight_Sample\Silverlight_Sample.csproj", "{D18A4F3F-3F81-42B1-BADE-875DE3E2A742}"
	ProjectSection(ProjectDependencies) = postProject
		{535FCBDD-43BF-4835-BCDD-676AE2600B10} = {535FCBDD-43BF-4835-BCDD-676AE2600B10}
		{94BBB2DE-F21A-4124-ACE6-93D842B1F33C} = {94BBB2DE-F21A-4124-ACE6-93D842B1F33C}
	EndProjectSection
EndProject
Project("{FAE04EC0-301F-11D3-BF4B-00C04F79EFBC}") = "WindowsPhone_Sample", "Source\Samples\WindowsPhone_Sample\WindowsPhone_Sample.csproj", "{8C67B4FA-C0B3-44F9-BAEF-8581F8E4A55E}"
	ProjectSection(ProjectDependencies) = postProject
		{2C85174F-6BF8-49AE-9553-48B566225DA0} = {2C85174F-6BF8-49AE-9553-48B566225DA0}
	EndProjectSection
EndProject
Global
	GlobalSection(SolutionConfigurationPlatforms) = preSolution
		Debug|Any CPU = Debug|Any CPU
		Debug|ARM = Debug|ARM
		Debug|Mixed Platforms = Debug|Mixed Platforms
		Debug|x64 = Debug|x64
		Debug|x86 = Debug|x86
		Release|Any CPU = Release|Any CPU
		Release|ARM = Release|ARM
		Release|Mixed Platforms = Release|Mixed Platforms
		Release|x64 = Release|x64
		Release|x86 = Release|x86
	EndGlobalSection
	GlobalSection(ProjectConfigurationPlatforms) = postSolution
		{319DD6E1-E5EB-4896-9055-BF486FC9C0EF}.Debug|Any CPU.ActiveCfg = Debug|Any CPU
		{319DD6E1-E5EB-4896-9055-BF486FC9C0EF}.Debug|Any CPU.Build.0 = Debug|Any CPU
		{319DD6E1-E5EB-4896-9055-BF486FC9C0EF}.Debug|ARM.ActiveCfg = Debug|Any CPU
		{319DD6E1-E5EB-4896-9055-BF486FC9C0EF}.Debug|Mixed Platforms.ActiveCfg = Debug|Any CPU
		{319DD6E1-E5EB-4896-9055-BF486FC9C0EF}.Debug|Mixed Platforms.Build.0 = Debug|Any CPU
		{319DD6E1-E5EB-4896-9055-BF486FC9C0EF}.Debug|x64.ActiveCfg = Debug|Any CPU
		{319DD6E1-E5EB-4896-9055-BF486FC9C0EF}.Debug|x86.ActiveCfg = Debug|Any CPU
		{319DD6E1-E5EB-4896-9055-BF486FC9C0EF}.Release|Any CPU.ActiveCfg = Release|Any CPU
		{319DD6E1-E5EB-4896-9055-BF486FC9C0EF}.Release|Any CPU.Build.0 = Release|Any CPU
		{319DD6E1-E5EB-4896-9055-BF486FC9C0EF}.Release|ARM.ActiveCfg = Release|Any CPU
		{319DD6E1-E5EB-4896-9055-BF486FC9C0EF}.Release|Mixed Platforms.ActiveCfg = Release|Any CPU
		{319DD6E1-E5EB-4896-9055-BF486FC9C0EF}.Release|Mixed Platforms.Build.0 = Release|Any CPU
		{319DD6E1-E5EB-4896-9055-BF486FC9C0EF}.Release|x64.ActiveCfg = Release|Any CPU
		{319DD6E1-E5EB-4896-9055-BF486FC9C0EF}.Release|x86.ActiveCfg = Release|Any CPU
		{128D46AE-97A3-4A95-8ACA-B4C9BB473FAC}.Debug|Any CPU.ActiveCfg = Debug|Any CPU
		{128D46AE-97A3-4A95-8ACA-B4C9BB473FAC}.Debug|Any CPU.Build.0 = Debug|Any CPU
		{128D46AE-97A3-4A95-8ACA-B4C9BB473FAC}.Debug|ARM.ActiveCfg = Debug|Any CPU
		{128D46AE-97A3-4A95-8ACA-B4C9BB473FAC}.Debug|Mixed Platforms.ActiveCfg = Debug|Any CPU
		{128D46AE-97A3-4A95-8ACA-B4C9BB473FAC}.Debug|Mixed Platforms.Build.0 = Debug|Any CPU
		{128D46AE-97A3-4A95-8ACA-B4C9BB473FAC}.Debug|x64.ActiveCfg = Debug|Any CPU
		{128D46AE-97A3-4A95-8ACA-B4C9BB473FAC}.Debug|x86.ActiveCfg = Debug|Any CPU
		{128D46AE-97A3-4A95-8ACA-B4C9BB473FAC}.Release|Any CPU.ActiveCfg = Release|Any CPU
		{128D46AE-97A3-4A95-8ACA-B4C9BB473FAC}.Release|Any CPU.Build.0 = Release|Any CPU
		{128D46AE-97A3-4A95-8ACA-B4C9BB473FAC}.Release|ARM.ActiveCfg = Release|Any CPU
		{128D46AE-97A3-4A95-8ACA-B4C9BB473FAC}.Release|Mixed Platforms.ActiveCfg = Release|Any CPU
		{128D46AE-97A3-4A95-8ACA-B4C9BB473FAC}.Release|Mixed Platforms.Build.0 = Release|Any CPU
		{128D46AE-97A3-4A95-8ACA-B4C9BB473FAC}.Release|x64.ActiveCfg = Release|Any CPU
		{128D46AE-97A3-4A95-8ACA-B4C9BB473FAC}.Release|x86.ActiveCfg = Release|Any CPU
		{09D10792-6BAA-4A44-9508-850035D0F83C}.Debug|Any CPU.ActiveCfg = Debug|x86
		{09D10792-6BAA-4A44-9508-850035D0F83C}.Debug|ARM.ActiveCfg = Debug|Any CPU
		{09D10792-6BAA-4A44-9508-850035D0F83C}.Debug|Mixed Platforms.ActiveCfg = Debug|Any CPU
		{09D10792-6BAA-4A44-9508-850035D0F83C}.Debug|Mixed Platforms.Build.0 = Debug|Any CPU
		{09D10792-6BAA-4A44-9508-850035D0F83C}.Debug|x64.ActiveCfg = Debug|Any CPU
		{09D10792-6BAA-4A44-9508-850035D0F83C}.Debug|x86.ActiveCfg = Debug|x86
		{09D10792-6BAA-4A44-9508-850035D0F83C}.Debug|x86.Build.0 = Debug|x86
		{09D10792-6BAA-4A44-9508-850035D0F83C}.Release|Any CPU.ActiveCfg = Release|x86
		{09D10792-6BAA-4A44-9508-850035D0F83C}.Release|ARM.ActiveCfg = Release|Any CPU
		{09D10792-6BAA-4A44-9508-850035D0F83C}.Release|Mixed Platforms.ActiveCfg = Release|Any CPU
		{09D10792-6BAA-4A44-9508-850035D0F83C}.Release|Mixed Platforms.Build.0 = Release|Any CPU
		{09D10792-6BAA-4A44-9508-850035D0F83C}.Release|x64.ActiveCfg = Release|Any CPU
		{09D10792-6BAA-4A44-9508-850035D0F83C}.Release|x86.ActiveCfg = Release|x86
		{09D10792-6BAA-4A44-9508-850035D0F83C}.Release|x86.Build.0 = Release|x86
		{436CD003-3447-42F1-AA10-66E16CE1FD15}.Debug|Any CPU.ActiveCfg = Debug|x86
		{436CD003-3447-42F1-AA10-66E16CE1FD15}.Debug|ARM.ActiveCfg = Debug|Any CPU
		{436CD003-3447-42F1-AA10-66E16CE1FD15}.Debug|Mixed Platforms.ActiveCfg = Debug|Any CPU
		{436CD003-3447-42F1-AA10-66E16CE1FD15}.Debug|Mixed Platforms.Build.0 = Debug|Any CPU
		{436CD003-3447-42F1-AA10-66E16CE1FD15}.Debug|x64.ActiveCfg = Debug|Any CPU
		{436CD003-3447-42F1-AA10-66E16CE1FD15}.Debug|x86.ActiveCfg = Debug|x86
		{436CD003-3447-42F1-AA10-66E16CE1FD15}.Debug|x86.Build.0 = Debug|x86
		{436CD003-3447-42F1-AA10-66E16CE1FD15}.Release|Any CPU.ActiveCfg = Release|x86
		{436CD003-3447-42F1-AA10-66E16CE1FD15}.Release|ARM.ActiveCfg = Release|Any CPU
		{436CD003-3447-42F1-AA10-66E16CE1FD15}.Release|Mixed Platforms.ActiveCfg = Release|Any CPU
		{436CD003-3447-42F1-AA10-66E16CE1FD15}.Release|Mixed Platforms.Build.0 = Release|Any CPU
		{436CD003-3447-42F1-AA10-66E16CE1FD15}.Release|x64.ActiveCfg = Release|Any CPU
		{436CD003-3447-42F1-AA10-66E16CE1FD15}.Release|x86.ActiveCfg = Release|x86
		{436CD003-3447-42F1-AA10-66E16CE1FD15}.Release|x86.Build.0 = Release|x86
		{BBDDB842-F323-4C51-9A6D-6589D3C03F61}.Debug|Any CPU.ActiveCfg = Debug|Any CPU
		{BBDDB842-F323-4C51-9A6D-6589D3C03F61}.Debug|Any CPU.Build.0 = Debug|Any CPU
		{BBDDB842-F323-4C51-9A6D-6589D3C03F61}.Debug|ARM.ActiveCfg = Debug|Any CPU
		{BBDDB842-F323-4C51-9A6D-6589D3C03F61}.Debug|Mixed Platforms.ActiveCfg = Debug|Any CPU
		{BBDDB842-F323-4C51-9A6D-6589D3C03F61}.Debug|Mixed Platforms.Build.0 = Debug|Any CPU
		{BBDDB842-F323-4C51-9A6D-6589D3C03F61}.Debug|x64.ActiveCfg = Debug|Any CPU
		{BBDDB842-F323-4C51-9A6D-6589D3C03F61}.Debug|x86.ActiveCfg = Debug|Any CPU
		{BBDDB842-F323-4C51-9A6D-6589D3C03F61}.Release|Any CPU.ActiveCfg = Release|Any CPU
		{BBDDB842-F323-4C51-9A6D-6589D3C03F61}.Release|Any CPU.Build.0 = Release|Any CPU
		{BBDDB842-F323-4C51-9A6D-6589D3C03F61}.Release|ARM.ActiveCfg = Release|Any CPU
		{BBDDB842-F323-4C51-9A6D-6589D3C03F61}.Release|Mixed Platforms.ActiveCfg = Release|Any CPU
		{BBDDB842-F323-4C51-9A6D-6589D3C03F61}.Release|Mixed Platforms.Build.0 = Release|Any CPU
		{BBDDB842-F323-4C51-9A6D-6589D3C03F61}.Release|x64.ActiveCfg = Release|Any CPU
		{BBDDB842-F323-4C51-9A6D-6589D3C03F61}.Release|x86.ActiveCfg = Release|Any CPU
		{2C85174F-6BF8-49AE-9553-48B566225DA0}.Debug|Any CPU.ActiveCfg = Debug|Any CPU
		{2C85174F-6BF8-49AE-9553-48B566225DA0}.Debug|Any CPU.Build.0 = Debug|Any CPU
		{2C85174F-6BF8-49AE-9553-48B566225DA0}.Debug|ARM.ActiveCfg = Debug|Any CPU
		{2C85174F-6BF8-49AE-9553-48B566225DA0}.Debug|Mixed Platforms.ActiveCfg = Debug|Any CPU
		{2C85174F-6BF8-49AE-9553-48B566225DA0}.Debug|Mixed Platforms.Build.0 = Debug|Any CPU
		{2C85174F-6BF8-49AE-9553-48B566225DA0}.Debug|x64.ActiveCfg = Debug|Any CPU
		{2C85174F-6BF8-49AE-9553-48B566225DA0}.Debug|x86.ActiveCfg = Debug|Any CPU
		{2C85174F-6BF8-49AE-9553-48B566225DA0}.Release|Any CPU.ActiveCfg = Release|Any CPU
		{2C85174F-6BF8-49AE-9553-48B566225DA0}.Release|Any CPU.Build.0 = Release|Any CPU
		{2C85174F-6BF8-49AE-9553-48B566225DA0}.Release|ARM.ActiveCfg = Release|Any CPU
		{2C85174F-6BF8-49AE-9553-48B566225DA0}.Release|Mixed Platforms.ActiveCfg = Release|Any CPU
		{2C85174F-6BF8-49AE-9553-48B566225DA0}.Release|Mixed Platforms.Build.0 = Release|Any CPU
		{2C85174F-6BF8-49AE-9553-48B566225DA0}.Release|x64.ActiveCfg = Release|Any CPU
		{2C85174F-6BF8-49AE-9553-48B566225DA0}.Release|x86.ActiveCfg = Release|Any CPU
		{D04513C2-30FC-4F44-A367-CB65D6371642}.Debug|Any CPU.ActiveCfg = Debug|Any CPU
		{D04513C2-30FC-4F44-A367-CB65D6371642}.Debug|Any CPU.Build.0 = Debug|Any CPU
		{D04513C2-30FC-4F44-A367-CB65D6371642}.Debug|ARM.ActiveCfg = Debug|Any CPU
		{D04513C2-30FC-4F44-A367-CB65D6371642}.Debug|Mixed Platforms.ActiveCfg = Debug|Any CPU
		{D04513C2-30FC-4F44-A367-CB65D6371642}.Debug|Mixed Platforms.Build.0 = Debug|Any CPU
		{D04513C2-30FC-4F44-A367-CB65D6371642}.Debug|x64.ActiveCfg = Debug|Any CPU
		{D04513C2-30FC-4F44-A367-CB65D6371642}.Debug|x86.ActiveCfg = Debug|Any CPU
		{D04513C2-30FC-4F44-A367-CB65D6371642}.Release|Any CPU.ActiveCfg = Release|Any CPU
		{D04513C2-30FC-4F44-A367-CB65D6371642}.Release|Any CPU.Build.0 = Release|Any CPU
		{D04513C2-30FC-4F44-A367-CB65D6371642}.Release|ARM.ActiveCfg = Release|Any CPU
		{D04513C2-30FC-4F44-A367-CB65D6371642}.Release|Mixed Platforms.ActiveCfg = Release|Any CPU
		{D04513C2-30FC-4F44-A367-CB65D6371642}.Release|Mixed Platforms.Build.0 = Release|Any CPU
		{D04513C2-30FC-4F44-A367-CB65D6371642}.Release|x64.ActiveCfg = Release|Any CPU
		{D04513C2-30FC-4F44-A367-CB65D6371642}.Release|x86.ActiveCfg = Release|Any CPU
		{94BBB2DE-F21A-4124-ACE6-93D842B1F33C}.Debug|Any CPU.ActiveCfg = Debug|Any CPU
		{94BBB2DE-F21A-4124-ACE6-93D842B1F33C}.Debug|Any CPU.Build.0 = Debug|Any CPU
		{94BBB2DE-F21A-4124-ACE6-93D842B1F33C}.Debug|ARM.ActiveCfg = Debug|Any CPU
		{94BBB2DE-F21A-4124-ACE6-93D842B1F33C}.Debug|Mixed Platforms.ActiveCfg = Debug|Any CPU
		{94BBB2DE-F21A-4124-ACE6-93D842B1F33C}.Debug|Mixed Platforms.Build.0 = Debug|Any CPU
		{94BBB2DE-F21A-4124-ACE6-93D842B1F33C}.Debug|x64.ActiveCfg = Debug|Any CPU
		{94BBB2DE-F21A-4124-ACE6-93D842B1F33C}.Debug|x86.ActiveCfg = Debug|Any CPU
		{94BBB2DE-F21A-4124-ACE6-93D842B1F33C}.Release|Any CPU.ActiveCfg = Release|Any CPU
		{94BBB2DE-F21A-4124-ACE6-93D842B1F33C}.Release|Any CPU.Build.0 = Release|Any CPU
		{94BBB2DE-F21A-4124-ACE6-93D842B1F33C}.Release|ARM.ActiveCfg = Release|Any CPU
		{94BBB2DE-F21A-4124-ACE6-93D842B1F33C}.Release|Mixed Platforms.ActiveCfg = Release|Any CPU
		{94BBB2DE-F21A-4124-ACE6-93D842B1F33C}.Release|Mixed Platforms.Build.0 = Release|Any CPU
		{94BBB2DE-F21A-4124-ACE6-93D842B1F33C}.Release|x64.ActiveCfg = Release|Any CPU
		{94BBB2DE-F21A-4124-ACE6-93D842B1F33C}.Release|x86.ActiveCfg = Release|Any CPU
		{EFC00D69-E439-4AFE-99C3-451C0C69FE00}.Debug|Any CPU.ActiveCfg = Debug|Any CPU
		{EFC00D69-E439-4AFE-99C3-451C0C69FE00}.Debug|Any CPU.Build.0 = Debug|Any CPU
		{EFC00D69-E439-4AFE-99C3-451C0C69FE00}.Debug|ARM.ActiveCfg = Debug|ARM
		{EFC00D69-E439-4AFE-99C3-451C0C69FE00}.Debug|ARM.Build.0 = Debug|ARM
		{EFC00D69-E439-4AFE-99C3-451C0C69FE00}.Debug|Mixed Platforms.ActiveCfg = Debug|x86
		{EFC00D69-E439-4AFE-99C3-451C0C69FE00}.Debug|Mixed Platforms.Build.0 = Debug|x86
		{EFC00D69-E439-4AFE-99C3-451C0C69FE00}.Debug|x64.ActiveCfg = Debug|Any CPU
		{EFC00D69-E439-4AFE-99C3-451C0C69FE00}.Debug|x86.ActiveCfg = Debug|x86
		{EFC00D69-E439-4AFE-99C3-451C0C69FE00}.Debug|x86.Build.0 = Debug|x86
		{EFC00D69-E439-4AFE-99C3-451C0C69FE00}.Release|Any CPU.ActiveCfg = Release|Any CPU
		{EFC00D69-E439-4AFE-99C3-451C0C69FE00}.Release|Any CPU.Build.0 = Release|Any CPU
		{EFC00D69-E439-4AFE-99C3-451C0C69FE00}.Release|ARM.ActiveCfg = Release|ARM
		{EFC00D69-E439-4AFE-99C3-451C0C69FE00}.Release|ARM.Build.0 = Release|ARM
		{EFC00D69-E439-4AFE-99C3-451C0C69FE00}.Release|Mixed Platforms.ActiveCfg = Release|x86
		{EFC00D69-E439-4AFE-99C3-451C0C69FE00}.Release|Mixed Platforms.Build.0 = Release|x86
		{EFC00D69-E439-4AFE-99C3-451C0C69FE00}.Release|x64.ActiveCfg = Release|Any CPU
		{EFC00D69-E439-4AFE-99C3-451C0C69FE00}.Release|x86.ActiveCfg = Release|x86
		{EFC00D69-E439-4AFE-99C3-451C0C69FE00}.Release|x86.Build.0 = Release|x86
		{535FCBDD-43BF-4835-BCDD-676AE2600B10}.Debug|Any CPU.ActiveCfg = Debug|Any CPU
		{535FCBDD-43BF-4835-BCDD-676AE2600B10}.Debug|Any CPU.Build.0 = Debug|Any CPU
		{535FCBDD-43BF-4835-BCDD-676AE2600B10}.Debug|ARM.ActiveCfg = Debug|Any CPU
		{535FCBDD-43BF-4835-BCDD-676AE2600B10}.Debug|Mixed Platforms.ActiveCfg = Debug|Any CPU
		{535FCBDD-43BF-4835-BCDD-676AE2600B10}.Debug|Mixed Platforms.Build.0 = Debug|Any CPU
		{535FCBDD-43BF-4835-BCDD-676AE2600B10}.Debug|x64.ActiveCfg = Debug|Any CPU
		{535FCBDD-43BF-4835-BCDD-676AE2600B10}.Debug|x86.ActiveCfg = Debug|Any CPU
		{535FCBDD-43BF-4835-BCDD-676AE2600B10}.Release|Any CPU.ActiveCfg = Release|Any CPU
		{535FCBDD-43BF-4835-BCDD-676AE2600B10}.Release|Any CPU.Build.0 = Release|Any CPU
		{535FCBDD-43BF-4835-BCDD-676AE2600B10}.Release|ARM.ActiveCfg = Release|Any CPU
		{535FCBDD-43BF-4835-BCDD-676AE2600B10}.Release|Mixed Platforms.ActiveCfg = Release|Any CPU
		{535FCBDD-43BF-4835-BCDD-676AE2600B10}.Release|Mixed Platforms.Build.0 = Release|Any CPU
		{535FCBDD-43BF-4835-BCDD-676AE2600B10}.Release|x64.ActiveCfg = Release|Any CPU
		{535FCBDD-43BF-4835-BCDD-676AE2600B10}.Release|x86.ActiveCfg = Release|Any CPU
		{F391DAFB-5A9F-46C0-8409-1B67BD2359F6}.Debug|Any CPU.ActiveCfg = Debug|Any CPU
		{F391DAFB-5A9F-46C0-8409-1B67BD2359F6}.Debug|Any CPU.Build.0 = Debug|Any CPU
		{F391DAFB-5A9F-46C0-8409-1B67BD2359F6}.Debug|ARM.ActiveCfg = Debug|Any CPU
		{F391DAFB-5A9F-46C0-8409-1B67BD2359F6}.Debug|Mixed Platforms.ActiveCfg = Debug|x86
		{F391DAFB-5A9F-46C0-8409-1B67BD2359F6}.Debug|Mixed Platforms.Build.0 = Debug|x86
		{F391DAFB-5A9F-46C0-8409-1B67BD2359F6}.Debug|x64.ActiveCfg = Debug|x64
		{F391DAFB-5A9F-46C0-8409-1B67BD2359F6}.Debug|x64.Build.0 = Debug|x64
		{F391DAFB-5A9F-46C0-8409-1B67BD2359F6}.Debug|x86.ActiveCfg = Debug|x86
		{F391DAFB-5A9F-46C0-8409-1B67BD2359F6}.Debug|x86.Build.0 = Debug|x86
		{F391DAFB-5A9F-46C0-8409-1B67BD2359F6}.Release|Any CPU.ActiveCfg = Release|Any CPU
		{F391DAFB-5A9F-46C0-8409-1B67BD2359F6}.Release|Any CPU.Build.0 = Release|Any CPU
		{F391DAFB-5A9F-46C0-8409-1B67BD2359F6}.Release|ARM.ActiveCfg = Release|Any CPU
		{F391DAFB-5A9F-46C0-8409-1B67BD2359F6}.Release|Mixed Platforms.ActiveCfg = Release|x86
		{F391DAFB-5A9F-46C0-8409-1B67BD2359F6}.Release|Mixed Platforms.Build.0 = Release|x86
		{F391DAFB-5A9F-46C0-8409-1B67BD2359F6}.Release|x64.ActiveCfg = Release|x64
		{F391DAFB-5A9F-46C0-8409-1B67BD2359F6}.Release|x64.Build.0 = Release|x64
		{F391DAFB-5A9F-46C0-8409-1B67BD2359F6}.Release|x86.ActiveCfg = Release|x86
		{F391DAFB-5A9F-46C0-8409-1B67BD2359F6}.Release|x86.Build.0 = Release|x86
		{D18A4F3F-3F81-42B1-BADE-875DE3E2A742}.Debug|Any CPU.ActiveCfg = Debug|Any CPU
		{D18A4F3F-3F81-42B1-BADE-875DE3E2A742}.Debug|Any CPU.Build.0 = Debug|Any CPU
		{D18A4F3F-3F81-42B1-BADE-875DE3E2A742}.Debug|ARM.ActiveCfg = Debug|Any CPU
		{D18A4F3F-3F81-42B1-BADE-875DE3E2A742}.Debug|Mixed Platforms.ActiveCfg = Debug|Any CPU
		{D18A4F3F-3F81-42B1-BADE-875DE3E2A742}.Debug|Mixed Platforms.Build.0 = Debug|Any CPU
		{D18A4F3F-3F81-42B1-BADE-875DE3E2A742}.Debug|x64.ActiveCfg = Debug|Any CPU
		{D18A4F3F-3F81-42B1-BADE-875DE3E2A742}.Debug|x86.ActiveCfg = Debug|Any CPU
		{D18A4F3F-3F81-42B1-BADE-875DE3E2A742}.Release|Any CPU.ActiveCfg = Release|Any CPU
		{D18A4F3F-3F81-42B1-BADE-875DE3E2A742}.Release|Any CPU.Build.0 = Release|Any CPU
		{D18A4F3F-3F81-42B1-BADE-875DE3E2A742}.Release|ARM.ActiveCfg = Release|Any CPU
		{D18A4F3F-3F81-42B1-BADE-875DE3E2A742}.Release|Mixed Platforms.ActiveCfg = Release|Any CPU
		{D18A4F3F-3F81-42B1-BADE-875DE3E2A742}.Release|Mixed Platforms.Build.0 = Release|Any CPU
		{D18A4F3F-3F81-42B1-BADE-875DE3E2A742}.Release|x64.ActiveCfg = Release|Any CPU
		{D18A4F3F-3F81-42B1-BADE-875DE3E2A742}.Release|x86.ActiveCfg = Release|Any CPU
		{8C67B4FA-C0B3-44F9-BAEF-8581F8E4A55E}.Debug|Any CPU.ActiveCfg = Debug|Any CPU
		{8C67B4FA-C0B3-44F9-BAEF-8581F8E4A55E}.Debug|Any CPU.Build.0 = Debug|Any CPU
		{8C67B4FA-C0B3-44F9-BAEF-8581F8E4A55E}.Debug|Any CPU.Deploy.0 = Debug|Any CPU
		{8C67B4FA-C0B3-44F9-BAEF-8581F8E4A55E}.Debug|ARM.ActiveCfg = Debug|ARM
		{8C67B4FA-C0B3-44F9-BAEF-8581F8E4A55E}.Debug|ARM.Build.0 = Debug|ARM
		{8C67B4FA-C0B3-44F9-BAEF-8581F8E4A55E}.Debug|ARM.Deploy.0 = Debug|ARM
		{8C67B4FA-C0B3-44F9-BAEF-8581F8E4A55E}.Debug|Mixed Platforms.ActiveCfg = Debug|x86
		{8C67B4FA-C0B3-44F9-BAEF-8581F8E4A55E}.Debug|Mixed Platforms.Build.0 = Debug|x86
		{8C67B4FA-C0B3-44F9-BAEF-8581F8E4A55E}.Debug|Mixed Platforms.Deploy.0 = Debug|x86
		{8C67B4FA-C0B3-44F9-BAEF-8581F8E4A55E}.Debug|x64.ActiveCfg = Debug|Any CPU
		{8C67B4FA-C0B3-44F9-BAEF-8581F8E4A55E}.Debug|x86.ActiveCfg = Debug|x86
		{8C67B4FA-C0B3-44F9-BAEF-8581F8E4A55E}.Debug|x86.Build.0 = Debug|x86
		{8C67B4FA-C0B3-44F9-BAEF-8581F8E4A55E}.Debug|x86.Deploy.0 = Debug|x86
		{8C67B4FA-C0B3-44F9-BAEF-8581F8E4A55E}.Release|Any CPU.ActiveCfg = Release|Any CPU
		{8C67B4FA-C0B3-44F9-BAEF-8581F8E4A55E}.Release|Any CPU.Build.0 = Release|Any CPU
		{8C67B4FA-C0B3-44F9-BAEF-8581F8E4A55E}.Release|Any CPU.Deploy.0 = Release|Any CPU
		{8C67B4FA-C0B3-44F9-BAEF-8581F8E4A55E}.Release|ARM.ActiveCfg = Release|ARM
		{8C67B4FA-C0B3-44F9-BAEF-8581F8E4A55E}.Release|ARM.Build.0 = Release|ARM
		{8C67B4FA-C0B3-44F9-BAEF-8581F8E4A55E}.Release|ARM.Deploy.0 = Release|ARM
		{8C67B4FA-C0B3-44F9-BAEF-8581F8E4A55E}.Release|Mixed Platforms.ActiveCfg = Release|x86
		{8C67B4FA-C0B3-44F9-BAEF-8581F8E4A55E}.Release|Mixed Platforms.Build.0 = Release|x86
		{8C67B4FA-C0B3-44F9-BAEF-8581F8E4A55E}.Release|Mixed Platforms.Deploy.0 = Release|x86
		{8C67B4FA-C0B3-44F9-BAEF-8581F8E4A55E}.Release|x64.ActiveCfg = Release|Any CPU
		{8C67B4FA-C0B3-44F9-BAEF-8581F8E4A55E}.Release|x86.ActiveCfg = Release|x86
		{8C67B4FA-C0B3-44F9-BAEF-8581F8E4A55E}.Release|x86.Build.0 = Release|x86
		{8C67B4FA-C0B3-44F9-BAEF-8581F8E4A55E}.Release|x86.Deploy.0 = Release|x86
	EndGlobalSection
	GlobalSection(SolutionProperties) = preSolution
		HideSolutionNode = FALSE
	EndGlobalSection
	GlobalSection(NestedProjects) = preSolution
		{09D10792-6BAA-4A44-9508-850035D0F83C} = {6EF94610-0D25-4FE9-A8D1-862D1855C3D9}
		{436CD003-3447-42F1-AA10-66E16CE1FD15} = {6EF94610-0D25-4FE9-A8D1-862D1855C3D9}
		{2C85174F-6BF8-49AE-9553-48B566225DA0} = {6EF94610-0D25-4FE9-A8D1-862D1855C3D9}
		{94BBB2DE-F21A-4124-ACE6-93D842B1F33C} = {6EF94610-0D25-4FE9-A8D1-862D1855C3D9}
		{535FCBDD-43BF-4835-BCDD-676AE2600B10} = {6EF94610-0D25-4FE9-A8D1-862D1855C3D9}
		{F391DAFB-5A9F-46C0-8409-1B67BD2359F6} = {6EF94610-0D25-4FE9-A8D1-862D1855C3D9}
		{D18A4F3F-3F81-42B1-BADE-875DE3E2A742} = {6EF94610-0D25-4FE9-A8D1-862D1855C3D9}
		{8C67B4FA-C0B3-44F9-BAEF-8581F8E4A55E} = {6EF94610-0D25-4FE9-A8D1-862D1855C3D9}
		{319DD6E1-E5EB-4896-9055-BF486FC9C0EF} = {B9C2B82C-F879-42CE-9F56-CE42E48EAC9D}
		{128D46AE-97A3-4A95-8ACA-B4C9BB473FAC} = {B9C2B82C-F879-42CE-9F56-CE42E48EAC9D}
		{EFC00D69-E439-4AFE-99C3-451C0C69FE00} = {B9C2B82C-F879-42CE-9F56-CE42E48EAC9D}
		{BBDDB842-F323-4C51-9A6D-6589D3C03F61} = {73C52C63-BDF4-4F31-A2F7-7DB71444CD66}
	EndGlobalSection
	GlobalSection(ExtensibilityGlobals) = postSolution
		BuildVersion_IncrementBeforeBuild = False
		BuildVersion_BuildVersioningStyle = None.None.None.None
		BuildVersion_UpdateAssemblyVersion = False
	EndGlobalSection
EndGlobal
